dependencies:
- name: ingestor-server
  repository: file://charts/ingestor-server
  version: v2.0.0
- name: frontend
  repository: file://charts/frontend
  version: v1.0.0
- name: zipkin
  repository: https://zipkin.io/zipkin-helm
  version: 0.1.2
- name: opentelemetry-collector
  repository: https://open-telemetry.github.io/opentelemetry-helm-charts
  version: 0.78.1
- name: kube-prometheus-stack
  repository: https://prometheus-community.github.io/helm-charts
  version: 69.7.2
digest: sha256:3c048fbed4533a4f0da08699a9d1ec659860a74861e872a285dcd95b9e50eb91
generated: "2025-04-24T14:26:44.739074-04:00"
